<?xml version="1.0" encoding="UTF-8"?>
<CodeBlocks_project_file>
	<FileVersion major="1" minor="6"/>
	<Project>
		<Option title="BlueCatServer"/>
		<Option makefile_is_custom="1"/>
		<Option compiler="gcc"/>
		<Option virtualFolders="CMake Files\;"/>
		<Build>
			<Target title="all">
				<Option working_dir="/Users/w/CLionProjects/BlueCatServer"/>
				<Option type="4"/>
				<MakeCommands>
					<Build command="/usr/bin/make -f &quot;/Users/w/CLionProjects/BlueCatServer/Makefile&quot;  VERBOSE=1 all"/>
					<CompileFile command="/usr/bin/make -f &quot;/Users/w/CLionProjects/BlueCatServer/Makefile&quot;  VERBOSE=1 &quot;$file&quot;"/>
					<Clean command="/usr/bin/make -f &quot;/Users/w/CLionProjects/BlueCatServer/Makefile&quot;  VERBOSE=1 clean"/>
					<DistClean command="/usr/bin/make -f &quot;/Users/w/CLionProjects/BlueCatServer/Makefile&quot;  VERBOSE=1 clean"/>
				</MakeCommands>
			</Target>
			<Target title="rebuild_cache">
				<Option working_dir="/Users/w/CLionProjects/BlueCatServer"/>
				<Option type="4"/>
				<MakeCommands>
					<Build command="/usr/bin/make -f &quot;/Users/w/CLionProjects/BlueCatServer/Makefile&quot;  VERBOSE=1 rebuild_cache"/>
					<CompileFile command="/usr/bin/make -f &quot;/Users/w/CLionProjects/BlueCatServer/Makefile&quot;  VERBOSE=1 &quot;$file&quot;"/>
					<Clean command="/usr/bin/make -f &quot;/Users/w/CLionProjects/BlueCatServer/Makefile&quot;  VERBOSE=1 clean"/>
					<DistClean command="/usr/bin/make -f &quot;/Users/w/CLionProjects/BlueCatServer/Makefile&quot;  VERBOSE=1 clean"/>
				</MakeCommands>
			</Target>
			<Target title="edit_cache">
				<Option working_dir="/Users/w/CLionProjects/BlueCatServer"/>
				<Option type="4"/>
				<MakeCommands>
					<Build command="/usr/bin/make -f &quot;/Users/w/CLionProjects/BlueCatServer/Makefile&quot;  VERBOSE=1 edit_cache"/>
					<CompileFile command="/usr/bin/make -f &quot;/Users/w/CLionProjects/BlueCatServer/Makefile&quot;  VERBOSE=1 &quot;$file&quot;"/>
					<Clean command="/usr/bin/make -f &quot;/Users/w/CLionProjects/BlueCatServer/Makefile&quot;  VERBOSE=1 clean"/>
					<DistClean command="/usr/bin/make -f &quot;/Users/w/CLionProjects/BlueCatServer/Makefile&quot;  VERBOSE=1 clean"/>
				</MakeCommands>
			</Target>
			<Target title="BlueCatServer">
				<Option output="/Users/w/CLionProjects/BlueCatServer/BlueCatServer" prefix_auto="0" extension_auto="0"/>
				<Option working_dir="/Users/w/CLionProjects/BlueCatServer"/>
				<Option object_output="./"/>
				<Option type="1"/>
				<Option compiler="gcc"/>
				<Compiler/>
				<MakeCommands>
					<Build command="/usr/bin/make -f &quot;/Users/w/CLionProjects/BlueCatServer/Makefile&quot;  VERBOSE=1 BlueCatServer"/>
					<CompileFile command="/usr/bin/make -f &quot;/Users/w/CLionProjects/BlueCatServer/Makefile&quot;  VERBOSE=1 &quot;$file&quot;"/>
					<Clean command="/usr/bin/make -f &quot;/Users/w/CLionProjects/BlueCatServer/Makefile&quot;  VERBOSE=1 clean"/>
					<DistClean command="/usr/bin/make -f &quot;/Users/w/CLionProjects/BlueCatServer/Makefile&quot;  VERBOSE=1 clean"/>
				</MakeCommands>
			</Target>
			<Target title="BlueCatServer/fast">
				<Option output="/Users/w/CLionProjects/BlueCatServer/BlueCatServer" prefix_auto="0" extension_auto="0"/>
				<Option working_dir="/Users/w/CLionProjects/BlueCatServer"/>
				<Option object_output="./"/>
				<Option type="1"/>
				<Option compiler="gcc"/>
				<Compiler/>
				<MakeCommands>
					<Build command="/usr/bin/make -f &quot;/Users/w/CLionProjects/BlueCatServer/Makefile&quot;  VERBOSE=1 BlueCatServer/fast"/>
					<CompileFile command="/usr/bin/make -f &quot;/Users/w/CLionProjects/BlueCatServer/Makefile&quot;  VERBOSE=1 &quot;$file&quot;"/>
					<Clean command="/usr/bin/make -f &quot;/Users/w/CLionProjects/BlueCatServer/Makefile&quot;  VERBOSE=1 clean"/>
					<DistClean command="/usr/bin/make -f &quot;/Users/w/CLionProjects/BlueCatServer/Makefile&quot;  VERBOSE=1 clean"/>
				</MakeCommands>
			</Target>
		</Build>
		<Unit filename="/Users/w/CLionProjects/BlueCatServer/Log/Log.cpp">
			<Option target="BlueCatServer"/>
		</Unit>
		<Unit filename="/Users/w/CLionProjects/BlueCatServer/Log/Log.h">
			<Option target="BlueCatServer"/>
		</Unit>
		<Unit filename="/Users/w/CLionProjects/BlueCatServer/TCPServer/DealReq.cpp">
			<Option target="BlueCatServer"/>
		</Unit>
		<Unit filename="/Users/w/CLionProjects/BlueCatServer/TCPServer/DealReq.h">
			<Option target="BlueCatServer"/>
		</Unit>
		<Unit filename="/Users/w/CLionProjects/BlueCatServer/TCPServer/TestServer.cpp">
			<Option target="BlueCatServer"/>
		</Unit>
		<Unit filename="/Users/w/CLionProjects/BlueCatServer/TCPServer/TestServer.h">
			<Option target="BlueCatServer"/>
		</Unit>
		<Unit filename="/Users/w/CLionProjects/BlueCatServer/Tools/ThreadPool.cpp">
			<Option target="BlueCatServer"/>
		</Unit>
		<Unit filename="/Users/w/CLionProjects/BlueCatServer/Tools/ThreadPool.h">
			<Option target="BlueCatServer"/>
		</Unit>
		<Unit filename="/Users/w/CLionProjects/BlueCatServer/main.cpp">
			<Option target="BlueCatServer"/>
		</Unit>
		<Unit filename="/Users/w/CLionProjects/BlueCatServer/model/model.cpp">
			<Option target="BlueCatServer"/>
		</Unit>
		<Unit filename="/Users/w/CLionProjects/BlueCatServer/model/model.h">
			<Option target="BlueCatServer"/>
		</Unit>
		<Unit filename="/Users/w/CLionProjects/BlueCatServer/CMakeLists.txt">
			<Option virtualFolder="CMake Files\"/>
		</Unit>
	</Project>
</CodeBlocks_project_file>
